
Microsoft Visual Studio Solution File, Format Version 12.00
# Visual Studio Version 16
VisualStudioVersion = 16.0.28803.352
MinimumVisualStudioVersion = 10.0.40219.1
Project("{9A19103F-16F7-4668-BE54-9A1E7A4F7556}") = "GenerateToolingFeed", "GenerateToolingFeed.csproj", "{69910F7C-E7A8-426D-8DB8-300FF781CEC0}"
EndProject
Global
	GlobalSection(SolutionConfigurationPlatforms) = preSolution
		Debug|Any CPU = Debug|Any CPU
		Release|Any CPU = Release|Any CPU
	EndGlobalSection
	GlobalSection(ProjectConfigurationPlatforms) = postSolution
		{69910F7C-E7A8-426D-8DB8-300FF781CEC0}.Debug|Any CPU.ActiveCfg = Debug|Any CPU
		{69910F7C-E7A8-426D-8DB8-300FF781CEC0}.Debug|Any CPU.Build.0 = Debug|Any CPU
		{69910F7C-E7A8-426D-8DB8-300FF781CEC0}.Release|Any CPU.ActiveCfg = Release|Any CPU
		{69910F7C-E7A8-426D-8DB8-300FF781CEC0}.Release|Any CPU.Build.0 = Release|Any CPU
	EndGlobalSection
	GlobalSection(SolutionProperties) = preSolution
		HideSolutionNode = FALSE
	EndGlobalSection
	GlobalSection(ExtensibilityGlobals) = postSolution
		SolutionGuid = {62A617E4-8B22-4BF6-9DDD-0021E38ED9A7}
	EndGlobalSection
EndGlobal
